
Microsoft Visual Studio Solution File, Format Version 12.00
# Visual Studio Version 17
VisualStudioVersion = 17.4.33213.308
MinimumVisualStudioVersion = 10.0.40219.1
Project("{FAE04EC0-301F-11D3-BF4B-00C04F79EFBC}") = "GroupDocs.Annotation.Examples.CSharp.Framework", "GroupDocs.Annotation.Examples.CSharp.Framework\GroupDocs.Annotation.Examples.CSharp.Framework.csproj", "{B910D08A-C433-409C-B8F4-0EE60B9D723E}"
EndProject
Project("{D954291E-2A0B-460D-934E-DC6B0785DB48}") = "GroupDocs.Annotation.Examples.CSharp", "GroupDocs.Annotation.Examples.CSharp\GroupDocs.Annotation.Examples.CSharp.shproj", "{663EDCB2-E917-4487-8A41-1ADAB5E18559}"
EndProject
Project("{9A19103F-16F7-4668-BE54-9A1E7A4F7556}") = "GroupDocs.Annotation.Examples.CSharp.Core", "GroupDocs.Annotation.Examples.CSharp.Core\GroupDocs.Annotation.Examples.CSharp.Core.csproj", "{1CF87890-1258-42A0-AB6D-6EEA739D3A51}"
EndProject
Global
	GlobalSection(SolutionConfigurationPlatforms) = preSolution
		Debug|Any CPU = Debug|Any CPU
		Release|Any CPU = Release|Any CPU
	EndGlobalSection
	GlobalSection(ProjectConfigurationPlatforms) = postSolution
		{B910D08A-C433-409C-B8F4-0EE60B9D723E}.Debug|Any CPU.ActiveCfg = Debug|Any CPU
		{B910D08A-C433-409C-B8F4-0EE60B9D723E}.Debug|Any CPU.Build.0 = Debug|Any CPU
		{B910D08A-C433-409C-B8F4-0EE60B9D723E}.Release|Any CPU.ActiveCfg = Release|Any CPU
		{B910D08A-C433-409C-B8F4-0EE60B9D723E}.Release|Any CPU.Build.0 = Release|Any CPU
		{1CF87890-1258-42A0-AB6D-6EEA739D3A51}.Debug|Any CPU.ActiveCfg = Debug|Any CPU
		{1CF87890-1258-42A0-AB6D-6EEA739D3A51}.Debug|Any CPU.Build.0 = Debug|Any CPU
		{1CF87890-1258-42A0-AB6D-6EEA739D3A51}.Release|Any CPU.ActiveCfg = Release|Any CPU
		{1CF87890-1258-42A0-AB6D-6EEA739D3A51}.Release|Any CPU.Build.0 = Release|Any CPU
	EndGlobalSection
	GlobalSection(SolutionProperties) = preSolution
		HideSolutionNode = FALSE
	EndGlobalSection
	GlobalSection(ExtensibilityGlobals) = postSolution
		SolutionGuid = {37C0B8EB-A7D7-4082-9EA0-B8A420C8CE53}
	EndGlobalSection
	GlobalSection(SharedMSBuildProjectFiles) = preSolution
		GroupDocs.Annotation.Examples.CSharp\GroupDocs.Annotation.Examples.CSharp.projitems*{1cf87890-1258-42a0-ab6d-6eea739d3a51}*SharedItemsImports = 5
		GroupDocs.Annotation.Examples.CSharp\GroupDocs.Annotation.Examples.CSharp.projitems*{663edcb2-e917-4487-8a41-1adab5e18559}*SharedItemsImports = 13
		GroupDocs.Annotation.Examples.CSharp\GroupDocs.Annotation.Examples.CSharp.projitems*{b910d08a-c433-409c-b8f4-0ee60b9d723e}*SharedItemsImports = 4
	EndGlobalSection
EndGlobal
